// !$*UTF8*$!
{
	archiveVersion = 1;
	classes = {
	};
	objectVersion = 55;
	objects = {

/* Begin PBXBuildFile section */
		553FBFFE9F2F7B86D190A8B5 /* Pods_TestApp.framework in Frameworks */ = {isa = PBXBuildFile; fileRef = B8C89F57422073FCA14B7BBA /* Pods_TestApp.framework */; };
		E770F572291D76B60056B811 /* ProductsCollectionViewCell.swift in Sources */ = {isa = PBXBuildFile; fileRef = E770F570291D76B60056B811 /* ProductsCollectionViewCell.swift */; };
		E770F573291D76B60056B811 /* ProductsCollectionViewCell.xib in Resources */ = {isa = PBXBuildFile; fileRef = E770F571291D76B60056B811 /* ProductsCollectionViewCell.xib */; };
		E770F575291D92A90056B811 /* Extensions + UIViewController.swift in Sources */ = {isa = PBXBuildFile; fileRef = E770F574291D92A90056B811 /* Extensions + UIViewController.swift */; };
		E770F578291E32F00056B811 /* ProductAPI.swift in Sources */ = {isa = PBXBuildFile; fileRef = E770F577291E32F00056B811 /* ProductAPI.swift */; };
		E7955A66291B7BC7005AFDD3 /* AppDelegate.swift in Sources */ = {isa = PBXBuildFile; fileRef = E7955A65291B7BC7005AFDD3 /* AppDelegate.swift */; };
		E7955A68291B7BC7005AFDD3 /* SceneDelegate.swift in Sources */ = {isa = PBXBuildFile; fileRef = E7955A67291B7BC7005AFDD3 /* SceneDelegate.swift */; };
		E7955A6A291B7BC7005AFDD3 /* ProductsViewController.swift in Sources */ = {isa = PBXBuildFile; fileRef = E7955A69291B7BC7005AFDD3 /* ProductsViewController.swift */; };
		E7955A6D291B7BC7005AFDD3 /* ProductsViewController.storyboard in Resources */ = {isa = PBXBuildFile; fileRef = E7955A6B291B7BC7005AFDD3 /* ProductsViewController.storyboard */; };
		E7955A6F291B7BC9005AFDD3 /* Assets.xcassets in Resources */ = {isa = PBXBuildFile; fileRef = E7955A6E291B7BC9005AFDD3 /* Assets.xcassets */; };
		E7955A72291B7BC9005AFDD3 /* LaunchScreen.storyboard in Resources */ = {isa = PBXBuildFile; fileRef = E7955A70291B7BC9005AFDD3 /* LaunchScreen.storyboard */; };
		E7955A81291B8C5C005AFDD3 /* DetailViewController.swift in Sources */ = {isa = PBXBuildFile; fileRef = E7955A80291B8C5C005AFDD3 /* DetailViewController.swift */; };
		E7955A83291BBA5B005AFDD3 /* Product.swift in Sources */ = {isa = PBXBuildFile; fileRef = E7955A82291BBA5B005AFDD3 /* Product.swift */; };
		E7955A89291BE37C005AFDD3 /* NetworkLayer.swift in Sources */ = {isa = PBXBuildFile; fileRef = E7955A88291BE37C005AFDD3 /* NetworkLayer.swift */; };
		E7955AB3291C0871005AFDD3 /* ProductsViewModel.swift in Sources */ = {isa = PBXBuildFile; fileRef = E7955AB2291C0871005AFDD3 /* ProductsViewModel.swift */; };
		E7E3EAA4291CC6DF0047FD08 /* DetailViewController.storyboard in Resources */ = {isa = PBXBuildFile; fileRef = E7E3EAA3291CC6DF0047FD08 /* DetailViewController.storyboard */; };
		E7E3EAA6291CEB4D0047FD08 /* ProductDetail.swift in Sources */ = {isa = PBXBuildFile; fileRef = E7E3EAA5291CEB4D0047FD08 /* ProductDetail.swift */; };
		E7E3EAA8291CEB5C0047FD08 /* DetailViewModel.swift in Sources */ = {isa = PBXBuildFile; fileRef = E7E3EAA7291CEB5C0047FD08 /* DetailViewModel.swift */; };
		E7E3EAAC291D06A40047FD08 /* Transition.swift in Sources */ = {isa = PBXBuildFile; fileRef = E7E3EAAB291D06A40047FD08 /* Transition.swift */; };
		E7E3EAB1291D433D0047FD08 /* Extensions + UICollectionView.swift in Sources */ = {isa = PBXBuildFile; fileRef = E7E3EAB0291D433D0047FD08 /* Extensions + UICollectionView.swift */; };
		E7E3EAB4291D47B50047FD08 /* ImagesCollectionViewCell.swift in Sources */ = {isa = PBXBuildFile; fileRef = E7E3EAB2291D47B50047FD08 /* ImagesCollectionViewCell.swift */; };
		E7E3EAB5291D47B50047FD08 /* ImagesCollectionViewCell.xib in Resources */ = {isa = PBXBuildFile; fileRef = E7E3EAB3291D47B50047FD08 /* ImagesCollectionViewCell.xib */; };
		E7F79E2B291E6C09004E9BC5 /* Constants.swift in Sources */ = {isa = PBXBuildFile; fileRef = E7F79E2A291E6C09004E9BC5 /* Constants.swift */; };
/* End PBXBuildFile section */

/* Begin PBXFileReference section */
		A1987C7423338983441BFCD6 /* Pods-TestApp.debug.xcconfig */ = {isa = PBXFileReference; includeInIndex = 1; lastKnownFileType = text.xcconfig; name = "Pods-TestApp.debug.xcconfig"; path = "Target Support Files/Pods-TestApp/Pods-TestApp.debug.xcconfig"; sourceTree = "<group>"; };
		B0D2AD8470E50A35120F25FD /* Pods-TestApp.release.xcconfig */ = {isa = PBXFileReference; includeInIndex = 1; lastKnownFileType = text.xcconfig; name = "Pods-TestApp.release.xcconfig"; path = "Target Support Files/Pods-TestApp/Pods-TestApp.release.xcconfig"; sourceTree = "<group>"; };
		B8C89F57422073FCA14B7BBA /* Pods_TestApp.framework */ = {isa = PBXFileReference; explicitFileType = wrapper.framework; includeInIndex = 0; path = Pods_TestApp.framework; sourceTree = BUILT_PRODUCTS_DIR; };
		E770F570291D76B60056B811 /* ProductsCollectionViewCell.swift */ = {isa = PBXFileReference; lastKnownFileType = sourcecode.swift; path = ProductsCollectionViewCell.swift; sourceTree = "<group>"; };
		E770F571291D76B60056B811 /* ProductsCollectionViewCell.xib */ = {isa = PBXFileReference; lastKnownFileType = file.xib; path = ProductsCollectionViewCell.xib; sourceTree = "<group>"; };
		E770F574291D92A90056B811 /* Extensions + UIViewController.swift */ = {isa = PBXFileReference; lastKnownFileType = sourcecode.swift; path = "Extensions + UIViewController.swift"; sourceTree = "<group>"; };
		E770F577291E32F00056B811 /* ProductAPI.swift */ = {isa = PBXFileReference; lastKnownFileType = sourcecode.swift; path = ProductAPI.swift; sourceTree = "<group>"; };
		E7955A62291B7BC7005AFDD3 /* TestApp.app */ = {isa = PBXFileReference; explicitFileType = wrapper.application; includeInIndex = 0; path = TestApp.app; sourceTree = BUILT_PRODUCTS_DIR; };
		E7955A65291B7BC7005AFDD3 /* AppDelegate.swift */ = {isa = PBXFileReference; lastKnownFileType = sourcecode.swift; path = AppDelegate.swift; sourceTree = "<group>"; };
		E7955A67291B7BC7005AFDD3 /* SceneDelegate.swift */ = {isa = PBXFileReference; lastKnownFileType = sourcecode.swift; path = SceneDelegate.swift; sourceTree = "<group>"; };
		E7955A69291B7BC7005AFDD3 /* ProductsViewController.swift */ = {isa = PBXFileReference; lastKnownFileType = sourcecode.swift; path = ProductsViewController.swift; sourceTree = "<group>"; };
		E7955A6C291B7BC7005AFDD3 /* Base */ = {isa = PBXFileReference; lastKnownFileType = file.storyboard; name = Base; path = Base.lproj/ProductsViewController.storyboard; sourceTree = "<group>"; };
		E7955A6E291B7BC9005AFDD3 /* Assets.xcassets */ = {isa = PBXFileReference; lastKnownFileType = folder.assetcatalog; path = Assets.xcassets; sourceTree = "<group>"; };
		E7955A71291B7BC9005AFDD3 /* Base */ = {isa = PBXFileReference; lastKnownFileType = file.storyboard; name = Base; path = Base.lproj/LaunchScreen.storyboard; sourceTree = "<group>"; };
		E7955A73291B7BC9005AFDD3 /* Info.plist */ = {isa = PBXFileReference; lastKnownFileType = text.plist.xml; path = Info.plist; sourceTree = "<group>"; };
		E7955A80291B8C5C005AFDD3 /* DetailViewController.swift */ = {isa = PBXFileReference; lastKnownFileType = sourcecode.swift; path = DetailViewController.swift; sourceTree = "<group>"; };
		E7955A82291BBA5B005AFDD3 /* Product.swift */ = {isa = PBXFileReference; lastKnownFileType = sourcecode.swift; path = Product.swift; sourceTree = "<group>"; };
		E7955A88291BE37C005AFDD3 /* NetworkLayer.swift */ = {isa = PBXFileReference; lastKnownFileType = sourcecode.swift; path = NetworkLayer.swift; sourceTree = "<group>"; };
		E7955AB2291C0871005AFDD3 /* ProductsViewModel.swift */ = {isa = PBXFileReference; lastKnownFileType = sourcecode.swift; path = ProductsViewModel.swift; sourceTree = "<group>"; };
		E7E3EAA3291CC6DF0047FD08 /* DetailViewController.storyboard */ = {isa = PBXFileReference; lastKnownFileType = file.storyboard; path = DetailViewController.storyboard; sourceTree = "<group>"; };
		E7E3EAA5291CEB4D0047FD08 /* ProductDetail.swift */ = {isa = PBXFileReference; lastKnownFileType = sourcecode.swift; path = ProductDetail.swift; sourceTree = "<group>"; };
		E7E3EAA7291CEB5C0047FD08 /* DetailViewModel.swift */ = {isa = PBXFileReference; lastKnownFileType = sourcecode.swift; path = DetailViewModel.swift; sourceTree = "<group>"; };
		E7E3EAAB291D06A40047FD08 /* Transition.swift */ = {isa = PBXFileReference; lastKnownFileType = sourcecode.swift; path = Transition.swift; sourceTree = "<group>"; };
		E7E3EAB0291D433D0047FD08 /* Extensions + UICollectionView.swift */ = {isa = PBXFileReference; lastKnownFileType = sourcecode.swift; path = "Extensions + UICollectionView.swift"; sourceTree = "<group>"; };
		E7E3EAB2291D47B50047FD08 /* ImagesCollectionViewCell.swift */ = {isa = PBXFileReference; lastKnownFileType = sourcecode.swift; path = ImagesCollectionViewCell.swift; sourceTree = "<group>"; };
		E7E3EAB3291D47B50047FD08 /* ImagesCollectionViewCell.xib */ = {isa = PBXFileReference; lastKnownFileType = file.xib; path = ImagesCollectionViewCell.xib; sourceTree = "<group>"; };
		E7F79E2A291E6C09004E9BC5 /* Constants.swift */ = {isa = PBXFileReference; lastKnownFileType = sourcecode.swift; path = Constants.swift; sourceTree = "<group>"; };
/* End PBXFileReference section */

/* Begin PBXFrameworksBuildPhase section */
		E7955A5F291B7BC7005AFDD3 /* Frameworks */ = {
			isa = PBXFrameworksBuildPhase;
			buildActionMask = 2147483647;
			files = (
				553FBFFE9F2F7B86D190A8B5 /* Pods_TestApp.framework in Frameworks */,
			);
			runOnlyForDeploymentPostprocessing = 0;
		};
/* End PBXFrameworksBuildPhase section */

/* Begin PBXGroup section */
		59A04ADAFAE50A53CDD5C697 /* Frameworks */ = {
			isa = PBXGroup;
			children = (
				B8C89F57422073FCA14B7BBA /* Pods_TestApp.framework */,
			);
			name = Frameworks;
			sourceTree = "<group>";
		};
		B78DED0DC9311CDF4164D2C8 /* Pods */ = {
			isa = PBXGroup;
			children = (
				A1987C7423338983441BFCD6 /* Pods-TestApp.debug.xcconfig */,
				B0D2AD8470E50A35120F25FD /* Pods-TestApp.release.xcconfig */,
			);
			path = Pods;
			sourceTree = "<group>";
		};
		E770F56F291D55710056B811 /* NetworkLayer */ = {
			isa = PBXGroup;
			children = (
				E770F577291E32F00056B811 /* ProductAPI.swift */,
				E7955A88291BE37C005AFDD3 /* NetworkLayer.swift */,
			);
			path = NetworkLayer;
			sourceTree = "<group>";
		};
		E770F576291E29AA0056B811 /* AppSceneDelegates */ = {
			isa = PBXGroup;
			children = (
				E7955A65291B7BC7005AFDD3 /* AppDelegate.swift */,
				E7955A67291B7BC7005AFDD3 /* SceneDelegate.swift */,
			);
			path = AppSceneDelegates;
			sourceTree = "<group>";
		};
		E770F579291E341A0056B811 /* ProductsModel */ = {
			isa = PBXGroup;
			children = (
				E7955A82291BBA5B005AFDD3 /* Product.swift */,
			);
			path = ProductsModel;
			sourceTree = "<group>";
		};
		E770F57A291E34270056B811 /* ProductDetailModel */ = {
			isa = PBXGroup;
			children = (
				E7E3EAA5291CEB4D0047FD08 /* ProductDetail.swift */,
			);
			path = ProductDetailModel;
			sourceTree = "<group>";
		};
		E770F57B291E343B0056B811 /* ProductsView */ = {
			isa = PBXGroup;
			children = (
				E7955A69291B7BC7005AFDD3 /* ProductsViewController.swift */,
				E770F57E291E348F0056B811 /* Storyboard */,
				E770F57F291E349A0056B811 /* ProductsCell */,
			);
			path = ProductsView;
			sourceTree = "<group>";
		};
		E770F57C291E346B0056B811 /* ImagesCell */ = {
			isa = PBXGroup;
			children = (
				E7E3EAB2291D47B50047FD08 /* ImagesCollectionViewCell.swift */,
				E7E3EAB3291D47B50047FD08 /* ImagesCollectionViewCell.xib */,
			);
			path = ImagesCell;
			sourceTree = "<group>";
		};
		E770F57D291E347D0056B811 /* Storyboard */ = {
			isa = PBXGroup;
			children = (
				E7E3EAA3291CC6DF0047FD08 /* DetailViewController.storyboard */,
			);
			path = Storyboard;
			sourceTree = "<group>";
		};
		E770F57E291E348F0056B811 /* Storyboard */ = {
			isa = PBXGroup;
			children = (
				E7955A6B291B7BC7005AFDD3 /* ProductsViewController.storyboard */,
			);
			path = Storyboard;
			sourceTree = "<group>";
		};
		E770F57F291E349A0056B811 /* ProductsCell */ = {
			isa = PBXGroup;
			children = (
				E770F570291D76B60056B811 /* ProductsCollectionViewCell.swift */,
				E770F571291D76B60056B811 /* ProductsCollectionViewCell.xib */,
			);
			path = ProductsCell;
			sourceTree = "<group>";
		};
		E770F580291E34B60056B811 /* DetailView */ = {
			isa = PBXGroup;
			children = (
				E7955A80291B8C5C005AFDD3 /* DetailViewController.swift */,
				E770F57D291E347D0056B811 /* Storyboard */,
				E770F57C291E346B0056B811 /* ImagesCell */,
			);
			path = DetailView;
			sourceTree = "<group>";
		};
		E770F581291E35060056B811 /* Views */ = {
			isa = PBXGroup;
			children = (
				E770F57B291E343B0056B811 /* ProductsView */,
				E770F580291E34B60056B811 /* DetailView */,
			);
			path = Views;
			sourceTree = "<group>";
		};
		E770F582291E35180056B811 /* SupportingFiles */ = {
			isa = PBXGroup;
			children = (
				E7955A70291B7BC9005AFDD3 /* LaunchScreen.storyboard */,
				E7955A6E291B7BC9005AFDD3 /* Assets.xcassets */,
			);
			path = SupportingFiles;
			sourceTree = "<group>";
		};
		E770F583291E35280056B811 /* Navigation */ = {
			isa = PBXGroup;
			children = (
				E7E3EAAB291D06A40047FD08 /* Transition.swift */,
			);
			path = Navigation;
			sourceTree = "<group>";
		};
		E770F584291E41AB0056B811 /* DetailViewModel */ = {
			isa = PBXGroup;
			children = (
				E7E3EAA7291CEB5C0047FD08 /* DetailViewModel.swift */,
			);
			path = DetailViewModel;
			sourceTree = "<group>";
		};
		E770F585291E41B40056B811 /* ProductsViewModel */ = {
			isa = PBXGroup;
			children = (
				E7955AB2291C0871005AFDD3 /* ProductsViewModel.swift */,
			);
			path = ProductsViewModel;
			sourceTree = "<group>";
		};
		E770F586291E45580056B811 /* Info.plist */ = {
			isa = PBXGroup;
			children = (
				E7955A73291B7BC9005AFDD3 /* Info.plist */,
			);
			path = Info.plist;
			sourceTree = "<group>";
		};
		E7955A59291B7BC7005AFDD3 = {
			isa = PBXGroup;
			children = (
				E7955A64291B7BC7005AFDD3 /* TestApp */,
				E7955A63291B7BC7005AFDD3 /* Products */,
				B78DED0DC9311CDF4164D2C8 /* Pods */,
				59A04ADAFAE50A53CDD5C697 /* Frameworks */,
			);
			sourceTree = "<group>";
		};
		E7955A63291B7BC7005AFDD3 /* Products */ = {
			isa = PBXGroup;
			children = (
				E7955A62291B7BC7005AFDD3 /* TestApp.app */,
			);
			name = Products;
			sourceTree = "<group>";
		};
		E7955A64291B7BC7005AFDD3 /* TestApp */ = {
			isa = PBXGroup;
			children = (
				E770F576291E29AA0056B811 /* AppSceneDelegates */,
				E7955A7B291B8596005AFDD3 /* Extensions */,
				E7F79E2C291E6C12004E9BC5 /* Constants */,
				E7955A84291BBA69005AFDD3 /* Model */,
				E770F583291E35280056B811 /* Navigation */,
				E770F56F291D55710056B811 /* NetworkLayer */,
				E7955A85291BBA71005AFDD3 /* ViewModel */,
				E770F581291E35060056B811 /* Views */,
				E770F582291E35180056B811 /* SupportingFiles */,
				E770F586291E45580056B811 /* Info.plist */,
			);
			path = TestApp;
			sourceTree = "<group>";
		};
		E7955A7B291B8596005AFDD3 /* Extensions */ = {
			isa = PBXGroup;
			children = (
				E770F574291D92A90056B811 /* Extensions + UIViewController.swift */,
				E7E3EAB0291D433D0047FD08 /* Extensions + UICollectionView.swift */,
			);
			path = Extensions;
			sourceTree = "<group>";
		};
		E7955A84291BBA69005AFDD3 /* Model */ = {
			isa = PBXGroup;
			children = (
				E770F579291E341A0056B811 /* ProductsModel */,
				E770F57A291E34270056B811 /* ProductDetailModel */,
			);
			path = Model;
			sourceTree = "<group>";
		};
		E7955A85291BBA71005AFDD3 /* ViewModel */ = {
			isa = PBXGroup;
			children = (
				E770F585291E41B40056B811 /* ProductsViewModel */,
				E770F584291E41AB0056B811 /* DetailViewModel */,
			);
			path = ViewModel;
			sourceTree = "<group>";
		};
		E7F79E2C291E6C12004E9BC5 /* Constants */ = {
			isa = PBXGroup;
			children = (
				E7F79E2A291E6C09004E9BC5 /* Constants.swift */,
			);
			path = Constants;
			sourceTree = "<group>";
		};
/* End PBXGroup section */

/* Begin PBXNativeTarget section */
		E7955A61291B7BC7005AFDD3 /* TestApp */ = {
			isa = PBXNativeTarget;
			buildConfigurationList = E7955A76291B7BC9005AFDD3 /* Build configuration list for PBXNativeTarget "TestApp" */;
			buildPhases = (
				91D626F5925CC71DC770D244 /* [CP] Check Pods Manifest.lock */,
				E7955A5E291B7BC7005AFDD3 /* Sources */,
				E7955A5F291B7BC7005AFDD3 /* Frameworks */,
				E7955A60291B7BC7005AFDD3 /* Resources */,
				4641B8473143E5C4C054057F /* [CP] Embed Pods Frameworks */,
			);
			buildRules = (
			);
			dependencies = (
			);
			name = TestApp;
			productName = TestApp;
			productReference = E7955A62291B7BC7005AFDD3 /* TestApp.app */;
			productType = "com.apple.product-type.application";
		};
/* End PBXNativeTarget section */

/* Begin PBXProject section */
		E7955A5A291B7BC7005AFDD3 /* Project object */ = {
			isa = PBXProject;
			attributes = {
				BuildIndependentTargetsInParallel = 1;
				LastSwiftUpdateCheck = 1340;
				LastUpgradeCheck = 1340;
				TargetAttributes = {
					E7955A61291B7BC7005AFDD3 = {
						CreatedOnToolsVersion = 13.4.1;
					};
				};
			};
			buildConfigurationList = E7955A5D291B7BC7005AFDD3 /* Build configuration list for PBXProject "TestApp" */;
			compatibilityVersion = "Xcode 13.0";
			developmentRegion = en;
			hasScannedForEncodings = 0;
			knownRegions = (
				en,
				Base,
			);
			mainGroup = E7955A59291B7BC7005AFDD3;
			productRefGroup = E7955A63291B7BC7005AFDD3 /* Products */;
			projectDirPath = "";
			projectRoot = "";
			targets = (
				E7955A61291B7BC7005AFDD3 /* TestApp */,
			);
		};
/* End PBXProject section */

/* Begin PBXResourcesBuildPhase section */
		E7955A60291B7BC7005AFDD3 /* Resources */ = {
			isa = PBXResourcesBuildPhase;
			buildActionMask = 2147483647;
			files = (
				E770F573291D76B60056B811 /* ProductsCollectionViewCell.xib in Resources */,
				E7E3EAB5291D47B50047FD08 /* ImagesCollectionViewCell.xib in Resources */,
				E7955A72291B7BC9005AFDD3 /* LaunchScreen.storyboard in Resources */,
				E7E3EAA4291CC6DF0047FD08 /* DetailViewController.storyboard in Resources */,
				E7955A6F291B7BC9005AFDD3 /* Assets.xcassets in Resources */,
				E7955A6D291B7BC7005AFDD3 /* ProductsViewController.storyboard in Resources */,
			);
			runOnlyForDeploymentPostprocessing = 0;
		};
/* End PBXResourcesBuildPhase section */

/* Begin PBXShellScriptBuildPhase section */
		4641B8473143E5C4C054057F /* [CP] Embed Pods Frameworks */ = {
			isa = PBXShellScriptBuildPhase;
			buildActionMask = 2147483647;
			files = (
			);
			inputFileListPaths = (
				"${PODS_ROOT}/Target Support Files/Pods-TestApp/Pods-TestApp-frameworks-${CONFIGURATION}-input-files.xcfilelist",
			);
			name = "[CP] Embed Pods Frameworks";
			outputFileListPaths = (
				"${PODS_ROOT}/Target Support Files/Pods-TestApp/Pods-TestApp-frameworks-${CONFIGURATION}-output-files.xcfilelist",
			);
			runOnlyForDeploymentPostprocessing = 0;
			shellPath = /bin/sh;
			shellScript = "\"${PODS_ROOT}/Target Support Files/Pods-TestApp/Pods-TestApp-frameworks.sh\"\n";
			showEnvVarsInLog = 0;
		};
		91D626F5925CC71DC770D244 /* [CP] Check Pods Manifest.lock */ = {
			isa = PBXShellScriptBuildPhase;
			buildActionMask = 2147483647;
			files = (
			);
			inputFileListPaths = (
			);
			inputPaths = (
				"${PODS_PODFILE_DIR_PATH}/Podfile.lock",
				"${PODS_ROOT}/Manifest.lock",
			);
			name = "[CP] Check Pods Manifest.lock";
			outputFileListPaths = (
			);
			outputPaths = (
				"$(DERIVED_FILE_DIR)/Pods-TestApp-checkManifestLockResult.txt",
			);
			runOnlyForDeploymentPostprocessing = 0;
			shellPath = /bin/sh;
			shellScript = "diff \"${PODS_PODFILE_DIR_PATH}/Podfile.lock\" \"${PODS_ROOT}/Manifest.lock\" > /dev/null\nif [ $? != 0 ] ; then\n    # print error to STDERR\n    echo \"error: The sandbox is not in sync with the Podfile.lock. Run 'pod install' or update your CocoaPods installation.\" >&2\n    exit 1\nfi\n# This output is used by Xcode 'outputs' to avoid re-running this script phase.\necho \"SUCCESS\" > \"${SCRIPT_OUTPUT_FILE_0}\"\n";
			showEnvVarsInLog = 0;
		};
/* End PBXShellScriptBuildPhase section */

/* Begin PBXSourcesBuildPhase section */
		E7955A5E291B7BC7005AFDD3 /* Sources */ = {
			isa = PBXSourcesBuildPhase;
			buildActionMask = 2147483647;
			files = (
				E7955A89291BE37C005AFDD3 /* NetworkLayer.swift in Sources */,
				E7E3EAB4291D47B50047FD08 /* ImagesCollectionViewCell.swift in Sources */,
				E7955A6A291B7BC7005AFDD3 /* ProductsViewController.swift in Sources */,
				E7955A81291B8C5C005AFDD3 /* DetailViewController.swift in Sources */,
				E770F572291D76B60056B811 /* ProductsCollectionViewCell.swift in Sources */,
				E770F578291E32F00056B811 /* ProductAPI.swift in Sources */,
				E7955A66291B7BC7005AFDD3 /* AppDelegate.swift in Sources */,
				E7F79E2B291E6C09004E9BC5 /* Constants.swift in Sources */,
				E7E3EAA8291CEB5C0047FD08 /* DetailViewModel.swift in Sources */,
				E7955A68291B7BC7005AFDD3 /* SceneDelegate.swift in Sources */,
				E770F575291D92A90056B811 /* Extensions + UIViewController.swift in Sources */,
				E7955AB3291C0871005AFDD3 /* ProductsViewModel.swift in Sources */,
				E7E3EAA6291CEB4D0047FD08 /* ProductDetail.swift in Sources */,
				E7955A83291BBA5B005AFDD3 /* Product.swift in Sources */,
				E7E3EAAC291D06A40047FD08 /* Transition.swift in Sources */,
				E7E3EAB1291D433D0047FD08 /* Extensions + UICollectionView.swift in Sources */,
			);
			runOnlyForDeploymentPostprocessing = 0;
		};
/* End PBXSourcesBuildPhase section */

/* Begin PBXVariantGroup section */
		E7955A6B291B7BC7005AFDD3 /* ProductsViewController.storyboard */ = {
			isa = PBXVariantGroup;
			children = (
				E7955A6C291B7BC7005AFDD3 /* Base */,
			);
			name = ProductsViewController.storyboard;
			sourceTree = "<group>";
		};
		E7955A70291B7BC9005AFDD3 /* LaunchScreen.storyboard */ = {
			isa = PBXVariantGroup;
			children = (
				E7955A71291B7BC9005AFDD3 /* Base */,
			);
			name = LaunchScreen.storyboard;
			sourceTree = "<group>";
		};
/* End PBXVariantGroup section */

/* Begin XCBuildConfiguration section */
		E7955A74291B7BC9005AFDD3 /* Debug */ = {
			isa = XCBuildConfiguration;
			buildSettings = {
				ALWAYS_SEARCH_USER_PATHS = NO;
				CLANG_ANALYZER_NONNULL = YES;
				CLANG_ANALYZER_NUMBER_OBJECT_CONVERSION = YES_AGGRESSIVE;
				CLANG_CXX_LANGUAGE_STANDARD = "gnu++17";
				CLANG_ENABLE_MODULES = YES;
				CLANG_ENABLE_OBJC_ARC = YES;
				CLANG_ENABLE_OBJC_WEAK = YES;
				CLANG_WARN_BLOCK_CAPTURE_AUTORELEASING = YES;
				CLANG_WARN_BOOL_CONVERSION = YES;
				CLANG_WARN_COMMA = YES;
				CLANG_WARN_CONSTANT_CONVERSION = YES;
				CLANG_WARN_DEPRECATED_OBJC_IMPLEMENTATIONS = YES;
				CLANG_WARN_DIRECT_OBJC_ISA_USAGE = YES_ERROR;
				CLANG_WARN_DOCUMENTATION_COMMENTS = YES;
				CLANG_WARN_EMPTY_BODY = YES;
				CLANG_WARN_ENUM_CONVERSION = YES;
				CLANG_WARN_INFINITE_RECURSION = YES;
				CLANG_WARN_INT_CONVERSION = YES;
				CLANG_WARN_NON_LITERAL_NULL_CONVERSION = YES;
				CLANG_WARN_OBJC_IMPLICIT_RETAIN_SELF = YES;
				CLANG_WARN_OBJC_LITERAL_CONVERSION = YES;
				CLANG_WARN_OBJC_ROOT_CLASS = YES_ERROR;
				CLANG_WARN_QUOTED_INCLUDE_IN_FRAMEWORK_HEADER = YES;
				CLANG_WARN_RANGE_LOOP_ANALYSIS = YES;
				CLANG_WARN_STRICT_PROTOTYPES = YES;
				CLANG_WARN_SUSPICIOUS_MOVE = YES;
				CLANG_WARN_UNGUARDED_AVAILABILITY = YES_AGGRESSIVE;
				CLANG_WARN_UNREACHABLE_CODE = YES;
				CLANG_WARN__DUPLICATE_METHOD_MATCH = YES;
				COPY_PHASE_STRIP = NO;
				DEBUG_INFORMATION_FORMAT = dwarf;
				ENABLE_STRICT_OBJC_MSGSEND = YES;
				ENABLE_TESTABILITY = YES;
				GCC_C_LANGUAGE_STANDARD = gnu11;
				GCC_DYNAMIC_NO_PIC = NO;
				GCC_NO_COMMON_BLOCKS = YES;
				GCC_OPTIMIZATION_LEVEL = 0;
				GCC_PREPROCESSOR_DEFINITIONS = (
					"DEBUG=1",
					"$(inherited)",
				);
				GCC_WARN_64_TO_32_BIT_CONVERSION = YES;
				GCC_WARN_ABOUT_RETURN_TYPE = YES_ERROR;
				GCC_WARN_UNDECLARED_SELECTOR = YES;
				GCC_WARN_UNINITIALIZED_AUTOS = YES_AGGRESSIVE;
				GCC_WARN_UNUSED_FUNCTION = YES;
				GCC_WARN_UNUSED_VARIABLE = YES;
				IPHONEOS_DEPLOYMENT_TARGET = 15.5;
				MTL_ENABLE_DEBUG_INFO = INCLUDE_SOURCE;
				MTL_FAST_MATH = YES;
				ONLY_ACTIVE_ARCH = YES;
				SDKROOT = iphoneos;
				SWIFT_ACTIVE_COMPILATION_CONDITIONS = DEBUG;
				SWIFT_OPTIMIZATION_LEVEL = "-Onone";
			};
			name = Debug;
		};
		E7955A75291B7BC9005AFDD3 /* Release */ = {
			isa = XCBuildConfiguration;
			buildSettings = {
				ALWAYS_SEARCH_USER_PATHS = NO;
				CLANG_ANALYZER_NONNULL = YES;
				CLANG_ANALYZER_NUMBER_OBJECT_CONVERSION = YES_AGGRESSIVE;
				CLANG_CXX_LANGUAGE_STANDARD = "gnu++17";
				CLANG_ENABLE_MODULES = YES;
				CLANG_ENABLE_OBJC_ARC = YES;
				CLANG_ENABLE_OBJC_WEAK = YES;
				CLANG_WARN_BLOCK_CAPTURE_AUTORELEASING = YES;
				CLANG_WARN_BOOL_CONVERSION = YES;
				CLANG_WARN_COMMA = YES;
				CLANG_WARN_CONSTANT_CONVERSION = YES;
				CLANG_WARN_DEPRECATED_OBJC_IMPLEMENTATIONS = YES;
				CLANG_WARN_DIRECT_OBJC_ISA_USAGE = YES_ERROR;
				CLANG_WARN_DOCUMENTATION_COMMENTS = YES;
				CLANG_WARN_EMPTY_BODY = YES;
				CLANG_WARN_ENUM_CONVERSION = YES;
				CLANG_WARN_INFINITE_RECURSION = YES;
				CLANG_WARN_INT_CONVERSION = YES;
				CLANG_WARN_NON_LITERAL_NULL_CONVERSION = YES;
				CLANG_WARN_OBJC_IMPLICIT_RETAIN_SELF = YES;
				CLANG_WARN_OBJC_LITERAL_CONVERSION = YES;
				CLANG_WARN_OBJC_ROOT_CLASS = YES_ERROR;
				CLANG_WARN_QUOTED_INCLUDE_IN_FRAMEWORK_HEADER = YES;
				CLANG_WARN_RANGE_LOOP_ANALYSIS = YES;
				CLANG_WARN_STRICT_PROTOTYPES = YES;
				CLANG_WARN_SUSPICIOUS_MOVE = YES;
				CLANG_WARN_UNGUARDED_AVAILABILITY = YES_AGGRESSIVE;
				CLANG_WARN_UNREACHABLE_CODE = YES;
				CLANG_WARN__DUPLICATE_METHOD_MATCH = YES;
				COPY_PHASE_STRIP = NO;
				DEBUG_INFORMATION_FORMAT = "dwarf-with-dsym";
				ENABLE_NS_ASSERTIONS = NO;
				ENABLE_STRICT_OBJC_MSGSEND = YES;
				GCC_C_LANGUAGE_STANDARD = gnu11;
				GCC_NO_COMMON_BLOCKS = YES;
				GCC_WARN_64_TO_32_BIT_CONVERSION = YES;
				GCC_WARN_ABOUT_RETURN_TYPE = YES_ERROR;
				GCC_WARN_UNDECLARED_SELECTOR = YES;
				GCC_WARN_UNINITIALIZED_AUTOS = YES_AGGRESSIVE;
				GCC_WARN_UNUSED_FUNCTION = YES;
				GCC_WARN_UNUSED_VARIABLE = YES;
				IPHONEOS_DEPLOYMENT_TARGET = 15.5;
				MTL_ENABLE_DEBUG_INFO = NO;
				MTL_FAST_MATH = YES;
				SDKROOT = iphoneos;
				SWIFT_COMPILATION_MODE = wholemodule;
				SWIFT_OPTIMIZATION_LEVEL = "-O";
				VALIDATE_PRODUCT = YES;
			};
			name = Release;
		};
		E7955A77291B7BC9005AFDD3 /* Debug */ = {
			isa = XCBuildConfiguration;
			baseConfigurationReference = A1987C7423338983441BFCD6 /* Pods-TestApp.debug.xcconfig */;
			buildSettings = {
				ASSETCATALOG_COMPILER_APPICON_NAME = AppIcon;
				ASSETCATALOG_COMPILER_GLOBAL_ACCENT_COLOR_NAME = AccentColor;
				CODE_SIGN_STYLE = Automatic;
				CURRENT_PROJECT_VERSION = 1;
				DEVELOPMENT_TEAM = 4LHC6GRDGA;
				GENERATE_INFOPLIST_FILE = YES;
				INFOPLIST_FILE = TestApp/Info.plist/Info.plist;
				INFOPLIST_KEY_NSMainNibFile = ProductViewController;
				INFOPLIST_KEY_UIApplicationSupportsIndirectInputEvents = YES;
				INFOPLIST_KEY_UILaunchStoryboardName = LaunchScreen;
				INFOPLIST_KEY_UISupportedInterfaceOrientations = UIInterfaceOrientationPortrait;
				INFOPLIST_KEY_UISupportedInterfaceOrientations_iPad = "UIInterfaceOrientationPortrait UIInterfaceOrientationPortraitUpsideDown UIInterfaceOrientationLandscapeLeft UIInterfaceOrientationLandscapeRight";
				INFOPLIST_KEY_UISupportedInterfaceOrientations_iPhone = "UIInterfaceOrientationPortrait UIInterfaceOrientationLandscapeLeft UIInterfaceOrientationLandscapeRight";
				LD_RUNPATH_SEARCH_PATHS = (
					"$(inherited)",
					"@executable_path/Frameworks",
				);
				MARKETING_VERSION = 1.0;
				PRODUCT_BUNDLE_IDENTIFIER = com.dreamer.TestApp;
				PRODUCT_NAME = "$(TARGET_NAME)";
				SWIFT_EMIT_LOC_STRINGS = YES;
				SWIFT_VERSION = 5.0;
				TARGETED_DEVICE_FAMILY = 1;
			};
			name = Debug;
		};
		E7955A78291B7BC9005AFDD3 /* Release */ = {
			isa = XCBuildConfiguration;
			baseConfigurationReference = B0D2AD8470E50A35120F25FD /* Pods-TestApp.release.xcconfig */;
			buildSettings = {
				ASSETCATALOG_COMPILER_APPICON_NAME = AppIcon;
				ASSETCATALOG_COMPILER_GLOBAL_ACCENT_COLOR_NAME = AccentColor;
				CODE_SIGN_STYLE = Automatic;
				CURRENT_PROJECT_VERSION = 1;
				DEVELOPMENT_TEAM = 4LHC6GRDGA;
				GENERATE_INFOPLIST_FILE = YES;
				INFOPLIST_FILE = TestApp/Info.plist/Info.plist;
				INFOPLIST_KEY_NSMainNibFile = ProductViewController;
				INFOPLIST_KEY_UIApplicationSupportsIndirectInputEvents = YES;
				INFOPLIST_KEY_UILaunchStoryboardName = LaunchScreen;
				INFOPLIST_KEY_UISupportedInterfaceOrientations = UIInterfaceOrientationPortrait;
				INFOPLIST_KEY_UISupportedInterfaceOrientations_iPad = "UIInterfaceOrientationPortrait UIInterfaceOrientationPortraitUpsideDown UIInterfaceOrientationLandscapeLeft UIInterfaceOrientationLandscapeRight";
				INFOPLIST_KEY_UISupportedInterfaceOrientations_iPhone = "UIInterfaceOrientationPortrait UIInterfaceOrientationLandscapeLeft UIInterfaceOrientationLandscapeRight";
				LD_RUNPATH_SEARCH_PATHS = (
					"$(inherited)",
					"@executable_path/Frameworks",
				);
				MARKETING_VERSION = 1.0;
				PRODUCT_BUNDLE_IDENTIFIER = com.dreamer.TestApp;
				PRODUCT_NAME = "$(TARGET_NAME)";
				SWIFT_EMIT_LOC_STRINGS = YES;
				SWIFT_VERSION = 5.0;
				TARGETED_DEVICE_FAMILY = 1;
			};
			name = Release;
		};
/* End XCBuildConfiguration section */

/* Begin XCConfigurationList section */
		E7955A5D291B7BC7005AFDD3 /* Build configuration list for PBXProject "TestApp" */ = {
			isa = XCConfigurationList;
			buildConfigurations = (
				E7955A74291B7BC9005AFDD3 /* Debug */,
				E7955A75291B7BC9005AFDD3 /* Release */,
			);
			defaultConfigurationIsVisible = 0;
			defaultConfigurationName = Release;
		};
		E7955A76291B7BC9005AFDD3 /* Build configuration list for PBXNativeTarget "TestApp" */ = {
			isa = XCConfigurationList;
			buildConfigurations = (
				E7955A77291B7BC9005AFDD3 /* Debug */,
				E7955A78291B7BC9005AFDD3 /* Release */,
			);
			defaultConfigurationIsVisible = 0;
			defaultConfigurationName = Release;
		};
/* End XCConfigurationList section */
	};
	rootObject = E7955A5A291B7BC7005AFDD3 /* Project object */;
}
